// !$*UTF8*$!
{
	archiveVersion = 1;
	classes = {
	};
	objectVersion = 46;
	objects = {

/* Begin PBXBuildFile section */
		A67679E51B14615100F03ACE /* UIWebView+JsBridge.m in Sources */ = {isa = PBXBuildFile; fileRef = A67679E11B14615100F03ACE /* UIWebView+JsBridge.m */; };
		A67679E61B14615100F03ACE /* WebViewJsBridge.js in Resources */ = {isa = PBXBuildFile; fileRef = A67679E31B14615100F03ACE /* WebViewJsBridge.js */; };
		A67679E71B14615100F03ACE /* WebViewJsBridge.m in Sources */ = {isa = PBXBuildFile; fileRef = A67679E41B14615100F03ACE /* WebViewJsBridge.m */; };
		A67679EA1B1461B200F03ACE /* ExampleApp.html in Resources */ = {isa = PBXBuildFile; fileRef = A67679E91B1461B200F03ACE /* ExampleApp.html */; };
		A67679ED1B14623400F03ACE /* JsObject.m in Sources */ = {isa = PBXBuildFile; fileRef = A67679EC1B14623400F03ACE /* JsObject.m */; };
		BF3C761318EBE1D5006C5249 /* Foundation.framework in Frameworks */ = {isa = PBXBuildFile; fileRef = BF3C761218EBE1D5006C5249 /* Foundation.framework */; };
		BF3C761518EBE1D5006C5249 /* CoreGraphics.framework in Frameworks */ = {isa = PBXBuildFile; fileRef = BF3C761418EBE1D5006C5249 /* CoreGraphics.framework */; };
		BF3C761718EBE1D5006C5249 /* UIKit.framework in Frameworks */ = {isa = PBXBuildFile; fileRef = BF3C761618EBE1D5006C5249 /* UIKit.framework */; };
		BF3C761D18EBE1D5006C5249 /* InfoPlist.strings in Resources */ = {isa = PBXBuildFile; fileRef = BF3C761B18EBE1D5006C5249 /* InfoPlist.strings */; };
		BF3C761F18EBE1D5006C5249 /* main.m in Sources */ = {isa = PBXBuildFile; fileRef = BF3C761E18EBE1D5006C5249 /* main.m */; };
		BF3C762318EBE1D5006C5249 /* AppDelegate.m in Sources */ = {isa = PBXBuildFile; fileRef = BF3C762218EBE1D5006C5249 /* AppDelegate.m */; };
		BF3C762618EBE1D5006C5249 /* Main.storyboard in Resources */ = {isa = PBXBuildFile; fileRef = BF3C762418EBE1D5006C5249 /* Main.storyboard */; };
		BF3C762918EBE1D5006C5249 /* ViewController.m in Sources */ = {isa = PBXBuildFile; fileRef = BF3C762818EBE1D5006C5249 /* ViewController.m */; };
		BF3C762B18EBE1D5006C5249 /* Images.xcassets in Resources */ = {isa = PBXBuildFile; fileRef = BF3C762A18EBE1D5006C5249 /* Images.xcassets */; };
/* End PBXBuildFile section */

/* Begin PBXFileReference section */
		A67679E01B14615100F03ACE /* UIWebView+JsBridge.h */ = {isa = PBXFileReference; fileEncoding = 4; lastKnownFileType = sourcecode.c.h; path = "UIWebView+JsBridge.h"; sourceTree = "<group>"; };
		A67679E11B14615100F03ACE /* UIWebView+JsBridge.m */ = {isa = PBXFileReference; fileEncoding = 4; lastKnownFileType = sourcecode.c.objc; path = "UIWebView+JsBridge.m"; sourceTree = "<group>"; };
		A67679E21B14615100F03ACE /* WebViewJsBridge.h */ = {isa = PBXFileReference; fileEncoding = 4; lastKnownFileType = sourcecode.c.h; path = WebViewJsBridge.h; sourceTree = "<group>"; };
		A67679E31B14615100F03ACE /* WebViewJsBridge.js */ = {isa = PBXFileReference; fileEncoding = 4; lastKnownFileType = sourcecode.javascript; path = WebViewJsBridge.js; sourceTree = "<group>"; };
		A67679E41B14615100F03ACE /* WebViewJsBridge.m */ = {isa = PBXFileReference; fileEncoding = 4; lastKnownFileType = sourcecode.c.objc; path = WebViewJsBridge.m; sourceTree = "<group>"; };
		A67679E91B1461B200F03ACE /* ExampleApp.html */ = {isa = PBXFileReference; fileEncoding = 4; lastKnownFileType = text.html; name = ExampleApp.html; path = Demo/ExampleApp.html; sourceTree = "<group>"; };
		A67679EB1B14623400F03ACE /* JsObject.h */ = {isa = PBXFileReference; fileEncoding = 4; lastKnownFileType = sourcecode.c.h; path = JsObject.h; sourceTree = "<group>"; };
		A67679EC1B14623400F03ACE /* JsObject.m */ = {isa = PBXFileReference; fileEncoding = 4; lastKnownFileType = sourcecode.c.objc; path = JsObject.m; sourceTree = "<group>"; };
		BF3C760F18EBE1D5006C5249 /* WebViewJsBridge.app */ = {isa = PBXFileReference; explicitFileType = wrapper.application; includeInIndex = 0; path = WebViewJsBridge.app; sourceTree = BUILT_PRODUCTS_DIR; };
		BF3C761218EBE1D5006C5249 /* Foundation.framework */ = {isa = PBXFileReference; lastKnownFileType = wrapper.framework; name = Foundation.framework; path = System/Library/Frameworks/Foundation.framework; sourceTree = SDKROOT; };
		BF3C761418EBE1D5006C5249 /* CoreGraphics.framework */ = {isa = PBXFileReference; lastKnownFileType = wrapper.framework; name = CoreGraphics.framework; path = System/Library/Frameworks/CoreGraphics.framework; sourceTree = SDKROOT; };
		BF3C761618EBE1D5006C5249 /* UIKit.framework */ = {isa = PBXFileReference; lastKnownFileType = wrapper.framework; name = UIKit.framework; path = System/Library/Frameworks/UIKit.framework; sourceTree = SDKROOT; };
		BF3C761A18EBE1D5006C5249 /* WebViewJsBridge-Info.plist */ = {isa = PBXFileReference; lastKnownFileType = text.plist.xml; path = "WebViewJsBridge-Info.plist"; sourceTree = "<group>"; };
		BF3C761C18EBE1D5006C5249 /* en */ = {isa = PBXFileReference; lastKnownFileType = text.plist.strings; name = en; path = en.lproj/InfoPlist.strings; sourceTree = "<group>"; };
		BF3C761E18EBE1D5006C5249 /* main.m */ = {isa = PBXFileReference; lastKnownFileType = sourcecode.c.objc; path = main.m; sourceTree = "<group>"; };
		BF3C762018EBE1D5006C5249 /* WebViewJsBridge-Prefix.pch */ = {isa = PBXFileReference; lastKnownFileType = sourcecode.c.h; path = "WebViewJsBridge-Prefix.pch"; sourceTree = "<group>"; };
		BF3C762118EBE1D5006C5249 /* AppDelegate.h */ = {isa = PBXFileReference; lastKnownFileType = sourcecode.c.h; path = AppDelegate.h; sourceTree = "<group>"; };
		BF3C762218EBE1D5006C5249 /* AppDelegate.m */ = {isa = PBXFileReference; lastKnownFileType = sourcecode.c.objc; path = AppDelegate.m; sourceTree = "<group>"; };
		BF3C762518EBE1D5006C5249 /* Base */ = {isa = PBXFileReference; lastKnownFileType = file.storyboard; name = Base; path = Base.lproj/Main.storyboard; sourceTree = "<group>"; };
		BF3C762718EBE1D5006C5249 /* ViewController.h */ = {isa = PBXFileReference; lastKnownFileType = sourcecode.c.h; path = ViewController.h; sourceTree = "<group>"; };
		BF3C762818EBE1D5006C5249 /* ViewController.m */ = {isa = PBXFileReference; lastKnownFileType = sourcecode.c.objc; path = ViewController.m; sourceTree = "<group>"; };
		BF3C762A18EBE1D5006C5249 /* Images.xcassets */ = {isa = PBXFileReference; lastKnownFileType = folder.assetcatalog; path = Images.xcassets; sourceTree = "<group>"; };
		BF3C763118EBE1D5006C5249 /* XCTest.framework */ = {isa = PBXFileReference; lastKnownFileType = wrapper.framework; name = XCTest.framework; path = Library/Frameworks/XCTest.framework; sourceTree = DEVELOPER_DIR; };
/* End PBXFileReference section */

/* Begin PBXFrameworksBuildPhase section */
		BF3C760C18EBE1D5006C5249 /* Frameworks */ = {
			isa = PBXFrameworksBuildPhase;
			buildActionMask = 2147483647;
			files = (
				BF3C761518EBE1D5006C5249 /* CoreGraphics.framework in Frameworks */,
				BF3C761718EBE1D5006C5249 /* UIKit.framework in Frameworks */,
				BF3C761318EBE1D5006C5249 /* Foundation.framework in Frameworks */,
			);
			runOnlyForDeploymentPostprocessing = 0;
		};
/* End PBXFrameworksBuildPhase section */

/* Begin PBXGroup section */
		A67679DE1B14613E00F03ACE /* Import */ = {
			isa = PBXGroup;
			children = (
				A67679DF1B14615100F03ACE /* WebViewJsBridge */,
			);
			name = Import;
			sourceTree = "<group>";
		};
		A67679DF1B14615100F03ACE /* WebViewJsBridge */ = {
			isa = PBXGroup;
			children = (
				A67679E01B14615100F03ACE /* UIWebView+JsBridge.h */,
				A67679E11B14615100F03ACE /* UIWebView+JsBridge.m */,
				A67679E21B14615100F03ACE /* WebViewJsBridge.h */,
				A67679E31B14615100F03ACE /* WebViewJsBridge.js */,
				A67679E41B14615100F03ACE /* WebViewJsBridge.m */,
			);
			name = WebViewJsBridge;
			path = ../WebViewJsBridge;
			sourceTree = "<group>";
		};
		A67679E81B14619B00F03ACE /* Resources */ = {
			isa = PBXGroup;
			children = (
				A67679E91B1461B200F03ACE /* ExampleApp.html */,
			);
			name = Resources;
			sourceTree = "<group>";
		};
		A67679EE1B14646D00F03ACE /* JsObject */ = {
			isa = PBXGroup;
			children = (
				A67679EB1B14623400F03ACE /* JsObject.h */,
				A67679EC1B14623400F03ACE /* JsObject.m */,
			);
			name = JsObject;
			sourceTree = "<group>";
		};
		BF3C760618EBE1D5006C5249 = {
			isa = PBXGroup;
			children = (
				A67679E81B14619B00F03ACE /* Resources */,
				A67679DE1B14613E00F03ACE /* Import */,
				BF3C761818EBE1D5006C5249 /* Demo */,
				BF3C761118EBE1D5006C5249 /* Frameworks */,
				BF3C761018EBE1D5006C5249 /* Products */,
			);
			sourceTree = "<group>";
		};
		BF3C761018EBE1D5006C5249 /* Products */ = {
			isa = PBXGroup;
			children = (
				BF3C760F18EBE1D5006C5249 /* WebViewJsBridge.app */,
			);
			name = Products;
			sourceTree = "<group>";
		};
		BF3C761118EBE1D5006C5249 /* Frameworks */ = {
			isa = PBXGroup;
			children = (
				BF3C761218EBE1D5006C5249 /* Foundation.framework */,
				BF3C761418EBE1D5006C5249 /* CoreGraphics.framework */,
				BF3C761618EBE1D5006C5249 /* UIKit.framework */,
				BF3C763118EBE1D5006C5249 /* XCTest.framework */,
			);
			name = Frameworks;
			sourceTree = "<group>";
		};
		BF3C761818EBE1D5006C5249 /* Demo */ = {
			isa = PBXGroup;
			children = (
				A67679EE1B14646D00F03ACE /* JsObject */,
				BF3C762118EBE1D5006C5249 /* AppDelegate.h */,
				BF3C762218EBE1D5006C5249 /* AppDelegate.m */,
				BF3C762418EBE1D5006C5249 /* Main.storyboard */,
				BF3C762718EBE1D5006C5249 /* ViewController.h */,
				BF3C762818EBE1D5006C5249 /* ViewController.m */,
				BF3C762A18EBE1D5006C5249 /* Images.xcassets */,
				BF3C761918EBE1D5006C5249 /* Supporting Files */,
			);
			path = Demo;
			sourceTree = "<group>";
		};
		BF3C761918EBE1D5006C5249 /* Supporting Files */ = {
			isa = PBXGroup;
			children = (
				BF3C761A18EBE1D5006C5249 /* WebViewJsBridge-Info.plist */,
				BF3C761B18EBE1D5006C5249 /* InfoPlist.strings */,
				BF3C761E18EBE1D5006C5249 /* main.m */,
				BF3C762018EBE1D5006C5249 /* WebViewJsBridge-Prefix.pch */,
			);
			name = "Supporting Files";
			sourceTree = "<group>";
		};
/* End PBXGroup section */

/* Begin PBXNativeTarget section */
		BF3C760E18EBE1D5006C5249 /* WebViewJsBridge */ = {
			isa = PBXNativeTarget;
			buildConfigurationList = BF3C764118EBE1D5006C5249 /* Build configuration list for PBXNativeTarget "WebViewJsBridge" */;
			buildPhases = (
				BF3C760B18EBE1D5006C5249 /* Sources */,
				BF3C760C18EBE1D5006C5249 /* Frameworks */,
				BF3C760D18EBE1D5006C5249 /* Resources */,
			);
			buildRules = (
			);
			dependencies = (
			);
			name = WebViewJsBridge;
			productName = WebViewJsBridge;
			productReference = BF3C760F18EBE1D5006C5249 /* WebViewJsBridge.app */;
			productType = "com.apple.product-type.application";
		};
/* End PBXNativeTarget section */

/* Begin PBXProject section */
		BF3C760718EBE1D5006C5249 /* Project object */ = {
			isa = PBXProject;
			attributes = {
				LastUpgradeCheck = 0730;
				ORGANIZATIONNAME = tsinghua;
			};
			buildConfigurationList = BF3C760A18EBE1D5006C5249 /* Build configuration list for PBXProject "Demo" */;
			compatibilityVersion = "Xcode 3.2";
			developmentRegion = English;
			hasScannedForEncodings = 0;
			knownRegions = (
				en,
				Base,
			);
			mainGroup = BF3C760618EBE1D5006C5249;
			productRefGroup = BF3C761018EBE1D5006C5249 /* Products */;
			projectDirPath = "";
			projectRoot = "";
			targets = (
				BF3C760E18EBE1D5006C5249 /* WebViewJsBridge */,
			);
		};
/* End PBXProject section */

/* Begin PBXResourcesBuildPhase section */
		BF3C760D18EBE1D5006C5249 /* Resources */ = {
			isa = PBXResourcesBuildPhase;
			buildActionMask = 2147483647;
			files = (
				A67679EA1B1461B200F03ACE /* ExampleApp.html in Resources */,
				A67679E61B14615100F03ACE /* WebViewJsBridge.js in Resources */,
				BF3C762B18EBE1D5006C5249 /* Images.xcassets in Resources */,
				BF3C761D18EBE1D5006C5249 /* InfoPlist.strings in Resources */,
				BF3C762618EBE1D5006C5249 /* Main.storyboard in Resources */,
			);
			runOnlyForDeploymentPostprocessing = 0;
		};
/* End PBXResourcesBuildPhase section */

/* Begin PBXSourcesBuildPhase section */
		BF3C760B18EBE1D5006C5249 /* Sources */ = {
			isa = PBXSourcesBuildPhase;
			buildActionMask = 2147483647;
			files = (
				BF3C762918EBE1D5006C5249 /* ViewController.m in Sources */,
				BF3C762318EBE1D5006C5249 /* AppDelegate.m in Sources */,
				A67679E71B14615100F03ACE /* WebViewJsBridge.m in Sources */,
				BF3C761F18EBE1D5006C5249 /* main.m in Sources */,
				A67679E51B14615100F03ACE /* UIWebView+JsBridge.m in Sources */,
				A67679ED1B14623400F03ACE /* JsObject.m in Sources */,
			);
			runOnlyForDeploymentPostprocessing = 0;
		};
/* End PBXSourcesBuildPhase section */

/* Begin PBXVariantGroup section */
		BF3C761B18EBE1D5006C5249 /* InfoPlist.strings */ = {
			isa = PBXVariantGroup;
			children = (
				BF3C761C18EBE1D5006C5249 /* en */,
			);
			name = InfoPlist.strings;
			sourceTree = "<group>";
		};
		BF3C762418EBE1D5006C5249 /* Main.storyboard */ = {
			isa = PBXVariantGroup;
			children = (
				BF3C762518EBE1D5006C5249 /* Base */,
			);
			name = Main.storyboard;
			sourceTree = "<group>";
		};
/* End PBXVariantGroup section */

/* Begin XCBuildConfiguration section */
		BF3C763F18EBE1D5006C5249 /* Debug */ = {
			isa = XCBuildConfiguration;
			buildSettings = {
				ALWAYS_SEARCH_USER_PATHS = NO;
				CLANG_CXX_LANGUAGE_STANDARD = "gnu++0x";
				CLANG_CXX_LIBRARY = "libc++";
				CLANG_ENABLE_MODULES = YES;
				CLANG_ENABLE_OBJC_ARC = YES;
				CLANG_WARN_BOOL_CONVERSION = YES;
				CLANG_WARN_CONSTANT_CONVERSION = YES;
				CLANG_WARN_DIRECT_OBJC_ISA_USAGE = YES_ERROR;
				CLANG_WARN_EMPTY_BODY = YES;
				CLANG_WARN_ENUM_CONVERSION = YES;
				CLANG_WARN_INT_CONVERSION = YES;
				CLANG_WARN_OBJC_ROOT_CLASS = YES_ERROR;
				CLANG_WARN__DUPLICATE_METHOD_MATCH = YES;
				"CODE_SIGN_IDENTITY[sdk=iphoneos*]" = "iPhone Developer";
				COPY_PHASE_STRIP = NO;
				ENABLE_TESTABILITY = YES;
				GCC_C_LANGUAGE_STANDARD = gnu99;
				GCC_DYNAMIC_NO_PIC = NO;
				GCC_OPTIMIZATION_LEVEL = 0;
				GCC_PREPROCESSOR_DEFINITIONS = (
					"DEBUG=1",
					"$(inherited)",
				);
				GCC_SYMBOLS_PRIVATE_EXTERN = NO;
				GCC_WARN_64_TO_32_BIT_CONVERSION = YES;
				GCC_WARN_ABOUT_RETURN_TYPE = YES_ERROR;
				GCC_WARN_UNDECLARED_SELECTOR = YES;
				GCC_WARN_UNINITIALIZED_AUTOS = YES_AGGRESSIVE;
				GCC_WARN_UNUSED_FUNCTION = YES;
				GCC_WARN_UNUSED_VARIABLE = YES;
				IPHONEOS_DEPLOYMENT_TARGET = 7.1;
				ONLY_ACTIVE_ARCH = YES;
				SDKROOT = iphoneos;
			};
			name = Debug;
		};
		BF3C764018EBE1D5006C5249 /* Release */ = {
			isa = XCBuildConfiguration;
			buildSettings = {
				ALWAYS_SEARCH_USER_PATHS = NO;
				CLANG_CXX_LANGUAGE_STANDARD = "gnu++0x";
				CLANG_CXX_LIBRARY = "libc++";
				CLANG_ENABLE_MODULES = YES;
				CLANG_ENABLE_OBJC_ARC = YES;
				CLANG_WARN_BOOL_CONVERSION = YES;
				CLANG_WARN_CONSTANT_CONVERSION = YES;
				CLANG_WARN_DIRECT_OBJC_ISA_USAGE = YES_ERROR;
				CLANG_WARN_EMPTY_BODY = YES;
				CLANG_WARN_ENUM_CONVERSION = YES;
				CLANG_WARN_INT_CONVERSION = YES;
				CLANG_WARN_OBJC_ROOT_CLASS = YES_ERROR;
				CLANG_WARN__DUPLICATE_METHOD_MATCH = YES;
				"CODE_SIGN_IDENTITY[sdk=iphoneos*]" = "iPhone Developer";
				COPY_PHASE_STRIP = YES;
				ENABLE_NS_ASSERTIONS = NO;
				GCC_C_LANGUAGE_STANDARD = gnu99;
				GCC_WARN_64_TO_32_BIT_CONVERSION = YES;
				GCC_WARN_ABOUT_RETURN_TYPE = YES_ERROR;
				GCC_WARN_UNDECLARED_SELECTOR = YES;
				GCC_WARN_UNINITIALIZED_AUTOS = YES_AGGRESSIVE;
				GCC_WARN_UNUSED_FUNCTION = YES;
				GCC_WARN_UNUSED_VARIABLE = YES;
				IPHONEOS_DEPLOYMENT_TARGET = 7.1;
				SDKROOT = iphoneos;
				VALIDATE_PRODUCT = YES;
			};
			name = Release;
		};
		BF3C764218EBE1D5006C5249 /* Debug */ = {
			isa = XCBuildConfiguration;
			buildSettings = {
				ASSETCATALOG_COMPILER_APPICON_NAME = AppIcon;
				ASSETCATALOG_COMPILER_LAUNCHIMAGE_NAME = LaunchImage;
				GCC_PRECOMPILE_PREFIX_HEADER = YES;
				GCC_PREFIX_HEADER = "Demo/WebViewJsBridge-Prefix.pch";
				INFOPLIST_FILE = "Demo/WebViewJsBridge-Info.plist";
				PRODUCT_BUNDLE_IDENTIFIER = "com.tsinghua.${PRODUCT_NAME:rfc1034identifier}";
				PRODUCT_NAME = "$(TARGET_NAME)";
				WRAPPER_EXTENSION = app;
			};
			name = Debug;
		};
		BF3C764318EBE1D5006C5249 /* Release */ = {
			isa = XCBuildConfiguration;
			buildSettings = {
				ASSETCATALOG_COMPILER_APPICON_NAME = AppIcon;
				ASSETCATALOG_COMPILER_LAUNCHIMAGE_NAME = LaunchImage;
				GCC_PRECOMPILE_PREFIX_HEADER = YES;
				GCC_PREFIX_HEADER = "Demo/WebViewJsBridge-Prefix.pch";
				INFOPLIST_FILE = "Demo/WebViewJsBridge-Info.plist";
				PRODUCT_BUNDLE_IDENTIFIER = "com.tsinghua.${PRODUCT_NAME:rfc1034identifier}";
				PRODUCT_NAME = "$(TARGET_NAME)";
				WRAPPER_EXTENSION = app;
			};
			name = Release;
		};
/* End XCBuildConfiguration section */

/* Begin XCConfigurationList section */
		BF3C760A18EBE1D5006C5249 /* Build configuration list for PBXProject "Demo" */ = {
			isa = XCConfigurationList;
			buildConfigurations = (
				BF3C763F18EBE1D5006C5249 /* Debug */,
				BF3C764018EBE1D5006C5249 /* Release */,
			);
			defaultConfigurationIsVisible = 0;
			defaultConfigurationName = Release;
		};
		BF3C764118EBE1D5006C5249 /* Build configuration list for PBXNativeTarget "WebViewJsBridge" */ = {
			isa = XCConfigurationList;
			buildConfigurations = (
				BF3C764218EBE1D5006C5249 /* Debug */,
				BF3C764318EBE1D5006C5249 /* Release */,
			);
			defaultConfigurationIsVisible = 0;
			defaultConfigurationName = Release;
		};
/* End XCConfigurationList section */
	};
	rootObject = BF3C760718EBE1D5006C5249 /* Project object */;
}
